
Microsoft Visual Studio Solution File, Format Version 12.00
# Visual Studio 15
VisualStudioVersion = 15.0.26124.0
MinimumVisualStudioVersion = 15.0.26124.0
Project("{FAE04EC0-301F-11D3-BF4B-00C04F79EFBC}") = "GameTop", "GameTop\GameTop.csproj", "{847F66C5-55B3-486A-8FC9-48330CBBCBBB}"
EndProject
Project("{FAE04EC0-301F-11D3-BF4B-00C04F79EFBC}") = "GameTOP.Lib", "GameTOP.Lib\GameTOP.Lib.csproj", "{15DAD435-F03E-4451-8916-822872362610}"
EndProject
Project("{FAE04EC0-301F-11D3-BF4B-00C04F79EFBC}") = "GameTop.Interface", "GameTop.Interface\GameTop.Interface.csproj", "{B74BA639-CA1D-445E-8AE4-4F92FF5E5551}"
EndProject
Global
	GlobalSection(SolutionConfigurationPlatforms) = preSolution
		Debug|Any CPU = Debug|Any CPU
		Debug|x64 = Debug|x64
		Debug|x86 = Debug|x86
		Release|Any CPU = Release|Any CPU
		Release|x64 = Release|x64
		Release|x86 = Release|x86
	EndGlobalSection
	GlobalSection(SolutionProperties) = preSolution
		HideSolutionNode = FALSE
	EndGlobalSection
	GlobalSection(ProjectConfigurationPlatforms) = postSolution
		{847F66C5-55B3-486A-8FC9-48330CBBCBBB}.Debug|Any CPU.ActiveCfg = Debug|Any CPU
		{847F66C5-55B3-486A-8FC9-48330CBBCBBB}.Debug|Any CPU.Build.0 = Debug|Any CPU
		{847F66C5-55B3-486A-8FC9-48330CBBCBBB}.Debug|x64.ActiveCfg = Debug|Any CPU
		{847F66C5-55B3-486A-8FC9-48330CBBCBBB}.Debug|x64.Build.0 = Debug|Any CPU
		{847F66C5-55B3-486A-8FC9-48330CBBCBBB}.Debug|x86.ActiveCfg = Debug|Any CPU
		{847F66C5-55B3-486A-8FC9-48330CBBCBBB}.Debug|x86.Build.0 = Debug|Any CPU
		{847F66C5-55B3-486A-8FC9-48330CBBCBBB}.Release|Any CPU.ActiveCfg = Release|Any CPU
		{847F66C5-55B3-486A-8FC9-48330CBBCBBB}.Release|Any CPU.Build.0 = Release|Any CPU
		{847F66C5-55B3-486A-8FC9-48330CBBCBBB}.Release|x64.ActiveCfg = Release|Any CPU
		{847F66C5-55B3-486A-8FC9-48330CBBCBBB}.Release|x64.Build.0 = Release|Any CPU
		{847F66C5-55B3-486A-8FC9-48330CBBCBBB}.Release|x86.ActiveCfg = Release|Any CPU
		{847F66C5-55B3-486A-8FC9-48330CBBCBBB}.Release|x86.Build.0 = Release|Any CPU
		{15DAD435-F03E-4451-8916-822872362610}.Debug|Any CPU.ActiveCfg = Debug|Any CPU
		{15DAD435-F03E-4451-8916-822872362610}.Debug|Any CPU.Build.0 = Debug|Any CPU
		{15DAD435-F03E-4451-8916-822872362610}.Debug|x64.ActiveCfg = Debug|Any CPU
		{15DAD435-F03E-4451-8916-822872362610}.Debug|x64.Build.0 = Debug|Any CPU
		{15DAD435-F03E-4451-8916-822872362610}.Debug|x86.ActiveCfg = Debug|Any CPU
		{15DAD435-F03E-4451-8916-822872362610}.Debug|x86.Build.0 = Debug|Any CPU
		{15DAD435-F03E-4451-8916-822872362610}.Release|Any CPU.ActiveCfg = Release|Any CPU
		{15DAD435-F03E-4451-8916-822872362610}.Release|Any CPU.Build.0 = Release|Any CPU
		{15DAD435-F03E-4451-8916-822872362610}.Release|x64.ActiveCfg = Release|Any CPU
		{15DAD435-F03E-4451-8916-822872362610}.Release|x64.Build.0 = Release|Any CPU
		{15DAD435-F03E-4451-8916-822872362610}.Release|x86.ActiveCfg = Release|Any CPU
		{15DAD435-F03E-4451-8916-822872362610}.Release|x86.Build.0 = Release|Any CPU
		{B74BA639-CA1D-445E-8AE4-4F92FF5E5551}.Debug|Any CPU.ActiveCfg = Debug|Any CPU
		{B74BA639-CA1D-445E-8AE4-4F92FF5E5551}.Debug|Any CPU.Build.0 = Debug|Any CPU
		{B74BA639-CA1D-445E-8AE4-4F92FF5E5551}.Debug|x64.ActiveCfg = Debug|Any CPU
		{B74BA639-CA1D-445E-8AE4-4F92FF5E5551}.Debug|x64.Build.0 = Debug|Any CPU
		{B74BA639-CA1D-445E-8AE4-4F92FF5E5551}.Debug|x86.ActiveCfg = Debug|Any CPU
		{B74BA639-CA1D-445E-8AE4-4F92FF5E5551}.Debug|x86.Build.0 = Debug|Any CPU
		{B74BA639-CA1D-445E-8AE4-4F92FF5E5551}.Release|Any CPU.ActiveCfg = Release|Any CPU
		{B74BA639-CA1D-445E-8AE4-4F92FF5E5551}.Release|Any CPU.Build.0 = Release|Any CPU
		{B74BA639-CA1D-445E-8AE4-4F92FF5E5551}.Release|x64.ActiveCfg = Release|Any CPU
		{B74BA639-CA1D-445E-8AE4-4F92FF5E5551}.Release|x64.Build.0 = Release|Any CPU
		{B74BA639-CA1D-445E-8AE4-4F92FF5E5551}.Release|x86.ActiveCfg = Release|Any CPU
		{B74BA639-CA1D-445E-8AE4-4F92FF5E5551}.Release|x86.Build.0 = Release|Any CPU
	EndGlobalSection
EndGlobal
